{
  "name": "6_streamupper_cli",
  "version": "1.0.0",
  "lockfileVersion": 3,
  "requires": true,
  "packages": {
    "": {
      "name": "6_streamupper_cli",
      "version": "1.0.0",
      "license": "ISC",
      "dependencies": {
        "get-stdin": "^10.0.0",
        "minimist": "1.2.8"
      },
      "bin": {
        "streamupper": "index.js"
      }
    },
    "node_modules/get-stdin": {
      "version": "10.0.0",
      "resolved": "https://registry.npmjs.org/get-stdin/-/get-stdin-10.0.0.tgz",
      "integrity": "sha512-eWSePJ4zXFdqz+/Lyfopob4rIcoF/U2XfE8nJc7iZV6lnebWc9k7DoQQpX+2a9jc0AOvBsXvbe5YkjXl/MHbpg==",
      "license": "MIT",
      "engines": {
        "node": ">=20"
      },
      "funding": {
        "url": "https://github.com/sponsors/sindresorhus"
      }
    },
    "node_modules/minimist": {
      "version": "1.2.8",
      "resolved": "https://registry.npmjs.org/minimist/-/minimist-1.2.8.tgz",
      "integrity": "sha512-2yyAR8qBkN3YuheJanUpWC5U3bb5osDywNB8RzDVlDwDHbocAJveqqj1u8+SVD7jkWT4yvsHCpWqqWqAxb0zCA==",
      "license": "MIT",
      "funding": {
        "url": "https://github.com/sponsors/ljharb"
      }
    }
  }
}
